<?xml version="1.0" encoding="utf-8"?>
<Project ToolsVersion="4.0" xmlns="http://schemas.microsoft.com/developer/msbuild/2003">
  <ItemGroup>
    <Filter Include="Source Files">
      <UniqueIdentifier>{4FC737F1-C7A5-4376-A066-2A32D752A2FF}</UniqueIdentifier>
      <Extensions>cpp;c;cc;cxx;c++;cppm;ixx;def;odl;idl;hpj;bat;asm;asmx</Extensions>
    </Filter>
    <Filter Include="Header Files">
      <UniqueIdentifier>{93995380-89BD-4b04-88EB-625FBE52EBFB}</UniqueIdentifier>
      <Extensions>h;hh;hpp;hxx;h++;hm;inl;inc;ipp;xsd</Extensions>
    </Filter>
    <Filter Include="Resource Files">
      <UniqueIdentifier>{67DA6AB6-F800-4c08-8B7A-83BB121AAD01}</UniqueIdentifier>
      <Extensions>rc;ico;cur;bmp;dlg;rc2;rct;bin;rgs;gif;jpg;jpeg;jpe;resx;tiff;tif;png;wav;mfcribbon-ms</Extensions>
    </Filter>
    <Filter Include="Header Files\CVSTools">
      <UniqueIdentifier>{c5d11096-4165-496c-8829-4badb46fb3db}</UniqueIdentifier>
    </Filter>
    <Filter Include="Source Files\CVSTools">
      <UniqueIdentifier>{baa4c5e9-0064-4ac7-89c6-0f3311754530}</UniqueIdentifier>
    </Filter>
  </ItemGroup>
  <ItemGroup>
    <ClCompile Include="Deep First Search\main.cpp">
      <Filter>Source Files</Filter>
    </ClCompile>
    <ClCompile Include="Deep First Search\StackController.cpp">
      <Filter>Source Files</Filter>
    </ClCompile>
    <ClCompile Include="Deep First Search\DFS.cpp">
      <Filter>Source Files</Filter>
    </ClCompile>
    <ClCompile Include="CVSTools\CVSTools.cpp">
      <Filter>Source Files\CVSTools</Filter>
    </ClCompile>
  </ItemGroup>
  <ItemGroup>
    <ClInclude Include="Deep First Search\FileManager.h">
      <Filter>Header Files</Filter>
    </ClInclude>
    <ClInclude Include="Deep First Search\DFS.h">
      <Filter>Header Files</Filter>
    </ClInclude>
    <ClInclude Include="Deep First Search\StackController.h">
      <Filter>Header Files</Filter>
    </ClInclude>
    <ClInclude Include="Library\Functions.h">
      <Filter>Resource Files</Filter>
    </ClInclude>
    <ClInclude Include="CVSTools\CVSTools.h">
      <Filter>Header Files\CVSTools</Filter>
    </ClInclude>
  </ItemGroup>
  <ItemGroup>
    <Text Include="content\m1.txt">
      <Filter>Resource Files</Filter>
    </Text>
  </ItemGroup>
</Project>