
Microsoft Visual Studio Solution File, Format Version 12.00
# Visual Studio Version 16
VisualStudioVersion = 16.0.31911.196
MinimumVisualStudioVersion = 10.0.40219.1
Project("{8BC9CEB8-8B4A-11D0-8D11-00A0C91BC942}") = "Source Code", "Source Code\Source Code.vcxproj", "{BD04B781-3F78-47A0-AE4E-8768FF9C5018}"
EndProject
Global
	GlobalSection(SolutionConfigurationPlatforms) = preSolution
		Debug|x64 = Debug|x64
		Debug|x86 = Debug|x86
		Release|x64 = Release|x64
		Release|x86 = Release|x86
	EndGlobalSection
	GlobalSection(ProjectConfigurationPlatforms) = postSolution
		{BD04B781-3F78-47A0-AE4E-8768FF9C5018}.Debug|x64.ActiveCfg = Debug|x64
		{BD04B781-3F78-47A0-AE4E-8768FF9C5018}.Debug|x64.Build.0 = Debug|x64
		{BD04B781-3F78-47A0-AE4E-8768FF9C5018}.Debug|x86.ActiveCfg = Debug|Win32
		{BD04B781-3F78-47A0-AE4E-8768FF9C5018}.Debug|x86.Build.0 = Debug|Win32
		{BD04B781-3F78-47A0-AE4E-8768FF9C5018}.Release|x64.ActiveCfg = Release|x64
		{BD04B781-3F78-47A0-AE4E-8768FF9C5018}.Release|x64.Build.0 = Release|x64
		{BD04B781-3F78-47A0-AE4E-8768FF9C5018}.Release|x86.ActiveCfg = Release|Win32
		{BD04B781-3F78-47A0-AE4E-8768FF9C5018}.Release|x86.Build.0 = Release|Win32
	EndGlobalSection
	GlobalSection(SolutionProperties) = preSolution
		HideSolutionNode = FALSE
	EndGlobalSection
	GlobalSection(ExtensibilityGlobals) = postSolution
		SolutionGuid = {7D9CB57C-147D-43F1-A3CD-33AEE9C030D1}
	EndGlobalSection
EndGlobal
